
Microsoft Visual Studio Solution File, Format Version 12.00
# Visual Studio 15
Project("{FAE04EC0-301F-11D3-BF4B-00C04F79EFBC}") = "UITest.Forms.Sample.Android", "UITest.Forms.Sample.Android\UITest.Forms.Sample.Android.csproj", "{3F33612B-46C0-4A45-A899-596207EAFEA3}"
EndProject
Project("{FAE04EC0-301F-11D3-BF4B-00C04F79EFBC}") = "UITest.Forms.Sample.iOS", "UITest.Forms.Sample.iOS\UITest.Forms.Sample.iOS.csproj", "{0CBE491B-EF35-4BFE-9294-FE0F0D37C312}"
EndProject
Project("{FAE04EC0-301F-11D3-BF4B-00C04F79EFBC}") = "UITest.Forms.Sample.MobileAppService", "UITest.Forms.Sample.MobileAppService\UITest.Forms.Sample.MobileAppService.csproj", "{71D2840E-AD94-49AC-8D40-3FF7D56017BD}"
EndProject
Project("{FAE04EC0-301F-11D3-BF4B-00C04F79EFBC}") = "UITest.Forms.Sample.UITests", "UITest.Forms.Sample.UITests\UITest.Forms.Sample.UITests.csproj", "{38C996CD-5348-4614-879A-1B7E41EA1D07}"
EndProject
Project("{FAE04EC0-301F-11D3-BF4B-00C04F79EFBC}") = "UITest.Forms.Sample", "UITest.Forms.Sample\UITest.Forms.Sample.csproj", "{022EB5C5-7C65-4645-B53D-74AD7CB55A8A}"
EndProject
Global
	GlobalSection(SolutionConfigurationPlatforms) = preSolution
		Debug|Any CPU = Debug|Any CPU
		Release|Any CPU = Release|Any CPU
		Debug|iPhoneSimulator = Debug|iPhoneSimulator
		Release|iPhoneSimulator = Release|iPhoneSimulator
		Debug|iPhone = Debug|iPhone
		Release|iPhone = Release|iPhone
	EndGlobalSection
	GlobalSection(ProjectConfigurationPlatforms) = postSolution
		{3F33612B-46C0-4A45-A899-596207EAFEA3}.Debug|Any CPU.ActiveCfg = Debug|Any CPU
		{3F33612B-46C0-4A45-A899-596207EAFEA3}.Debug|Any CPU.Build.0 = Debug|Any CPU
		{3F33612B-46C0-4A45-A899-596207EAFEA3}.Release|Any CPU.ActiveCfg = Release|Any CPU
		{3F33612B-46C0-4A45-A899-596207EAFEA3}.Release|Any CPU.Build.0 = Release|Any CPU
		{3F33612B-46C0-4A45-A899-596207EAFEA3}.Debug|iPhoneSimulator.ActiveCfg = Debug|Any CPU
		{3F33612B-46C0-4A45-A899-596207EAFEA3}.Debug|iPhoneSimulator.Build.0 = Debug|Any CPU
		{3F33612B-46C0-4A45-A899-596207EAFEA3}.Release|iPhoneSimulator.ActiveCfg = Release|Any CPU
		{3F33612B-46C0-4A45-A899-596207EAFEA3}.Release|iPhoneSimulator.Build.0 = Release|Any CPU
		{3F33612B-46C0-4A45-A899-596207EAFEA3}.Debug|iPhone.ActiveCfg = Debug|Any CPU
		{3F33612B-46C0-4A45-A899-596207EAFEA3}.Debug|iPhone.Build.0 = Debug|Any CPU
		{3F33612B-46C0-4A45-A899-596207EAFEA3}.Release|iPhone.ActiveCfg = Release|Any CPU
		{3F33612B-46C0-4A45-A899-596207EAFEA3}.Release|iPhone.Build.0 = Release|Any CPU
		{0CBE491B-EF35-4BFE-9294-FE0F0D37C312}.Debug|Any CPU.ActiveCfg = Debug|iPhoneSimulator
		{0CBE491B-EF35-4BFE-9294-FE0F0D37C312}.Debug|Any CPU.Build.0 = Debug|iPhoneSimulator
		{0CBE491B-EF35-4BFE-9294-FE0F0D37C312}.Release|Any CPU.ActiveCfg = Release|iPhoneSimulator
		{0CBE491B-EF35-4BFE-9294-FE0F0D37C312}.Release|Any CPU.Build.0 = Release|iPhoneSimulator
		{0CBE491B-EF35-4BFE-9294-FE0F0D37C312}.Debug|iPhoneSimulator.ActiveCfg = Debug|iPhoneSimulator
		{0CBE491B-EF35-4BFE-9294-FE0F0D37C312}.Debug|iPhoneSimulator.Build.0 = Debug|iPhoneSimulator
		{0CBE491B-EF35-4BFE-9294-FE0F0D37C312}.Release|iPhoneSimulator.ActiveCfg = Release|iPhoneSimulator
		{0CBE491B-EF35-4BFE-9294-FE0F0D37C312}.Release|iPhoneSimulator.Build.0 = Release|iPhoneSimulator
		{0CBE491B-EF35-4BFE-9294-FE0F0D37C312}.Debug|iPhone.ActiveCfg = Debug|iPhone
		{0CBE491B-EF35-4BFE-9294-FE0F0D37C312}.Debug|iPhone.Build.0 = Debug|iPhone
		{0CBE491B-EF35-4BFE-9294-FE0F0D37C312}.Release|iPhone.ActiveCfg = Release|iPhone
		{0CBE491B-EF35-4BFE-9294-FE0F0D37C312}.Release|iPhone.Build.0 = Release|iPhone
		{71D2840E-AD94-49AC-8D40-3FF7D56017BD}.Debug|Any CPU.ActiveCfg = Debug|Any CPU
		{71D2840E-AD94-49AC-8D40-3FF7D56017BD}.Debug|Any CPU.Build.0 = Debug|Any CPU
		{71D2840E-AD94-49AC-8D40-3FF7D56017BD}.Release|Any CPU.ActiveCfg = Release|Any CPU
		{71D2840E-AD94-49AC-8D40-3FF7D56017BD}.Release|Any CPU.Build.0 = Release|Any CPU
		{71D2840E-AD94-49AC-8D40-3FF7D56017BD}.Debug|iPhoneSimulator.ActiveCfg = Debug|Any CPU
		{71D2840E-AD94-49AC-8D40-3FF7D56017BD}.Debug|iPhoneSimulator.Build.0 = Debug|Any CPU
		{71D2840E-AD94-49AC-8D40-3FF7D56017BD}.Release|iPhoneSimulator.ActiveCfg = Release|Any CPU
		{71D2840E-AD94-49AC-8D40-3FF7D56017BD}.Release|iPhoneSimulator.Build.0 = Release|Any CPU
		{71D2840E-AD94-49AC-8D40-3FF7D56017BD}.Debug|iPhone.ActiveCfg = Debug|Any CPU
		{71D2840E-AD94-49AC-8D40-3FF7D56017BD}.Debug|iPhone.Build.0 = Debug|Any CPU
		{71D2840E-AD94-49AC-8D40-3FF7D56017BD}.Release|iPhone.ActiveCfg = Release|Any CPU
		{71D2840E-AD94-49AC-8D40-3FF7D56017BD}.Release|iPhone.Build.0 = Release|Any CPU
		{38C996CD-5348-4614-879A-1B7E41EA1D07}.Debug|Any CPU.ActiveCfg = Debug|Any CPU
		{38C996CD-5348-4614-879A-1B7E41EA1D07}.Debug|Any CPU.Build.0 = Debug|Any CPU
		{38C996CD-5348-4614-879A-1B7E41EA1D07}.Release|Any CPU.ActiveCfg = Release|Any CPU
		{38C996CD-5348-4614-879A-1B7E41EA1D07}.Release|Any CPU.Build.0 = Release|Any CPU
		{38C996CD-5348-4614-879A-1B7E41EA1D07}.Debug|iPhoneSimulator.ActiveCfg = Debug|Any CPU
		{38C996CD-5348-4614-879A-1B7E41EA1D07}.Debug|iPhoneSimulator.Build.0 = Debug|Any CPU
		{38C996CD-5348-4614-879A-1B7E41EA1D07}.Release|iPhoneSimulator.ActiveCfg = Release|Any CPU
		{38C996CD-5348-4614-879A-1B7E41EA1D07}.Release|iPhoneSimulator.Build.0 = Release|Any CPU
		{38C996CD-5348-4614-879A-1B7E41EA1D07}.Debug|iPhone.ActiveCfg = Debug|Any CPU
		{38C996CD-5348-4614-879A-1B7E41EA1D07}.Debug|iPhone.Build.0 = Debug|Any CPU
		{38C996CD-5348-4614-879A-1B7E41EA1D07}.Release|iPhone.ActiveCfg = Release|Any CPU
		{38C996CD-5348-4614-879A-1B7E41EA1D07}.Release|iPhone.Build.0 = Release|Any CPU
		{022EB5C5-7C65-4645-B53D-74AD7CB55A8A}.Debug|Any CPU.ActiveCfg = Debug|Any CPU
		{022EB5C5-7C65-4645-B53D-74AD7CB55A8A}.Debug|Any CPU.Build.0 = Debug|Any CPU
		{022EB5C5-7C65-4645-B53D-74AD7CB55A8A}.Release|Any CPU.ActiveCfg = Release|Any CPU
		{022EB5C5-7C65-4645-B53D-74AD7CB55A8A}.Release|Any CPU.Build.0 = Release|Any CPU
		{022EB5C5-7C65-4645-B53D-74AD7CB55A8A}.Debug|iPhoneSimulator.ActiveCfg = Debug|Any CPU
		{022EB5C5-7C65-4645-B53D-74AD7CB55A8A}.Debug|iPhoneSimulator.Build.0 = Debug|Any CPU
		{022EB5C5-7C65-4645-B53D-74AD7CB55A8A}.Release|iPhoneSimulator.ActiveCfg = Release|Any CPU
		{022EB5C5-7C65-4645-B53D-74AD7CB55A8A}.Release|iPhoneSimulator.Build.0 = Release|Any CPU
		{022EB5C5-7C65-4645-B53D-74AD7CB55A8A}.Debug|iPhone.ActiveCfg = Debug|Any CPU
		{022EB5C5-7C65-4645-B53D-74AD7CB55A8A}.Debug|iPhone.Build.0 = Debug|Any CPU
		{022EB5C5-7C65-4645-B53D-74AD7CB55A8A}.Release|iPhone.ActiveCfg = Release|Any CPU
		{022EB5C5-7C65-4645-B53D-74AD7CB55A8A}.Release|iPhone.Build.0 = Release|Any CPU
	EndGlobalSection
EndGlobal
